
Microsoft Visual Studio Solution File, Format Version 12.00
# Visual Studio Version 16
VisualStudioVersion = 16.0.31402.337
MinimumVisualStudioVersion = 10.0.40219.1
Project("{9A19103F-16F7-4668-BE54-9A1E7A4F7556}") = "Bot.MegaSena", "Bot.MegaSena\Bot.MegaSena.csproj", "{100C7EFE-3A36-4066-BD51-286D57312362}"
EndProject
Project("{FAE04EC0-301F-11D3-BF4B-00C04F79EFBC}") = "Bot.Zoom", "Bot.Zoom\Bot.Zoom.csproj", "{94001500-7199-44C5-97F9-F5A0BA99318F}"
EndProject
Global
	GlobalSection(SolutionConfigurationPlatforms) = preSolution
		Debug|Any CPU = Debug|Any CPU
		Release|Any CPU = Release|Any CPU
	EndGlobalSection
	GlobalSection(ProjectConfigurationPlatforms) = postSolution
		{100C7EFE-3A36-4066-BD51-286D57312362}.Debug|Any CPU.ActiveCfg = Debug|Any CPU
		{100C7EFE-3A36-4066-BD51-286D57312362}.Debug|Any CPU.Build.0 = Debug|Any CPU
		{100C7EFE-3A36-4066-BD51-286D57312362}.Release|Any CPU.ActiveCfg = Release|Any CPU
		{100C7EFE-3A36-4066-BD51-286D57312362}.Release|Any CPU.Build.0 = Release|Any CPU
		{94001500-7199-44C5-97F9-F5A0BA99318F}.Debug|Any CPU.ActiveCfg = Debug|Any CPU
		{94001500-7199-44C5-97F9-F5A0BA99318F}.Debug|Any CPU.Build.0 = Debug|Any CPU
		{94001500-7199-44C5-97F9-F5A0BA99318F}.Release|Any CPU.ActiveCfg = Release|Any CPU
		{94001500-7199-44C5-97F9-F5A0BA99318F}.Release|Any CPU.Build.0 = Release|Any CPU
	EndGlobalSection
	GlobalSection(SolutionProperties) = preSolution
		HideSolutionNode = FALSE
	EndGlobalSection
	GlobalSection(ExtensibilityGlobals) = postSolution
		SolutionGuid = {2ADDF86B-ADA6-4023-99AB-DEA4745B1926}
	EndGlobalSection
EndGlobal
